
Microsoft Visual Studio Solution File, Format Version 12.00
# Visual Studio Version 17
VisualStudioVersion = 17.1.32328.378
MinimumVisualStudioVersion = 10.0.40219.1
Project("{8BC9CEB8-8B4A-11D0-8D11-00A0C91BC942}") = "monitor", "monitor\monitor.vcxproj", "{ECC68AE2-1442-4358-84E8-F96CCCA18EF3}"
EndProject
Project("{8BC9CEB8-8B4A-11D0-8D11-00A0C91BC942}") = "cliente", "cliente\cliente.vcxproj", "{31AC5FC9-DF66-48FD-8A4B-5A46F018EAB3}"
EndProject
Project("{8BC9CEB8-8B4A-11D0-8D11-00A0C91BC942}") = "servidor", "servidor\servidor.vcxproj", "{C69F220B-7450-4176-A05C-2DA616EB7CAD}"
EndProject
Project("{8BC9CEB8-8B4A-11D0-8D11-00A0C91BC942}") = "utils_so2_tp", "utils_so2_tp\utils.vcxproj", "{73F53A65-1C49-48F2-8B64-2985AB83C33E}"
EndProject
Global
	GlobalSection(SolutionConfigurationPlatforms) = preSolution
		Debug|x64 = Debug|x64
		Debug|x86 = Debug|x86
		Release|x64 = Release|x64
		Release|x86 = Release|x86
	EndGlobalSection
	GlobalSection(ProjectConfigurationPlatforms) = postSolution
		{ECC68AE2-1442-4358-84E8-F96CCCA18EF3}.Debug|x64.ActiveCfg = Debug|x64
		{ECC68AE2-1442-4358-84E8-F96CCCA18EF3}.Debug|x64.Build.0 = Debug|x64
		{ECC68AE2-1442-4358-84E8-F96CCCA18EF3}.Debug|x86.ActiveCfg = Debug|Win32
		{ECC68AE2-1442-4358-84E8-F96CCCA18EF3}.Debug|x86.Build.0 = Debug|Win32
		{ECC68AE2-1442-4358-84E8-F96CCCA18EF3}.Release|x64.ActiveCfg = Release|x64
		{ECC68AE2-1442-4358-84E8-F96CCCA18EF3}.Release|x64.Build.0 = Release|x64
		{ECC68AE2-1442-4358-84E8-F96CCCA18EF3}.Release|x86.ActiveCfg = Release|Win32
		{ECC68AE2-1442-4358-84E8-F96CCCA18EF3}.Release|x86.Build.0 = Release|Win32
		{31AC5FC9-DF66-48FD-8A4B-5A46F018EAB3}.Debug|x64.ActiveCfg = Debug|x64
		{31AC5FC9-DF66-48FD-8A4B-5A46F018EAB3}.Debug|x64.Build.0 = Debug|x64
		{31AC5FC9-DF66-48FD-8A4B-5A46F018EAB3}.Debug|x86.ActiveCfg = Debug|Win32
		{31AC5FC9-DF66-48FD-8A4B-5A46F018EAB3}.Debug|x86.Build.0 = Debug|Win32
		{31AC5FC9-DF66-48FD-8A4B-5A46F018EAB3}.Release|x64.ActiveCfg = Release|x64
		{31AC5FC9-DF66-48FD-8A4B-5A46F018EAB3}.Release|x64.Build.0 = Release|x64
		{31AC5FC9-DF66-48FD-8A4B-5A46F018EAB3}.Release|x86.ActiveCfg = Release|Win32
		{31AC5FC9-DF66-48FD-8A4B-5A46F018EAB3}.Release|x86.Build.0 = Release|Win32
		{C69F220B-7450-4176-A05C-2DA616EB7CAD}.Debug|x64.ActiveCfg = Debug|x64
		{C69F220B-7450-4176-A05C-2DA616EB7CAD}.Debug|x64.Build.0 = Debug|x64
		{C69F220B-7450-4176-A05C-2DA616EB7CAD}.Debug|x86.ActiveCfg = Debug|Win32
		{C69F220B-7450-4176-A05C-2DA616EB7CAD}.Debug|x86.Build.0 = Debug|Win32
		{C69F220B-7450-4176-A05C-2DA616EB7CAD}.Release|x64.ActiveCfg = Release|x64
		{C69F220B-7450-4176-A05C-2DA616EB7CAD}.Release|x64.Build.0 = Release|x64
		{C69F220B-7450-4176-A05C-2DA616EB7CAD}.Release|x86.ActiveCfg = Release|Win32
		{C69F220B-7450-4176-A05C-2DA616EB7CAD}.Release|x86.Build.0 = Release|Win32
		{73F53A65-1C49-48F2-8B64-2985AB83C33E}.Debug|x64.ActiveCfg = Debug|x64
		{73F53A65-1C49-48F2-8B64-2985AB83C33E}.Debug|x64.Build.0 = Debug|x64
		{73F53A65-1C49-48F2-8B64-2985AB83C33E}.Debug|x86.ActiveCfg = Debug|Win32
		{73F53A65-1C49-48F2-8B64-2985AB83C33E}.Debug|x86.Build.0 = Debug|Win32
		{73F53A65-1C49-48F2-8B64-2985AB83C33E}.Release|x64.ActiveCfg = Release|x64
		{73F53A65-1C49-48F2-8B64-2985AB83C33E}.Release|x64.Build.0 = Release|x64
		{73F53A65-1C49-48F2-8B64-2985AB83C33E}.Release|x86.ActiveCfg = Release|Win32
		{73F53A65-1C49-48F2-8B64-2985AB83C33E}.Release|x86.Build.0 = Release|Win32
	EndGlobalSection
	GlobalSection(SolutionProperties) = preSolution
		HideSolutionNode = FALSE
	EndGlobalSection
	GlobalSection(ExtensibilityGlobals) = postSolution
		SolutionGuid = {FDB7B29B-C0A6-4564-8EF9-348040CE06C2}
	EndGlobalSection
EndGlobal
